{
  "R": {
    "Version": "4.4.0",
    "Repositories": [
      {
        "Name": "CRAN",
        "URL": "https://packagemanager.rstudio.com/all/latest"
      }
    ]
  },
  "Packages": {
    "R6": {
      "Package": "R6",
      "Version": "2.5.1",
      "Source": "CRAN",
      "Repository": "RSPM",
      "RemoteType": "standard",
      "RemotePkgRef": "R6",
      "RemoteRef": "R6",
      "RemoteRepos": "https://packagemanager.rstudio.com/all/latest",
      "RemotePkgPlatform": "i386+x86_64-w64-mingw32",
      "RemoteSha": "2.5.1",
      "Hash": "470851b6d5d0ac559e9d01bb352b4021"
    },
    "Rcpp": {
      "Package": "Rcpp",
      "Version": "1.0.12",
      "Source": "CRAN",
      "Repository": "RSPM",
      "RemoteType": "standard",
      "RemotePkgRef": "Rcpp",
      "RemoteRef": "Rcpp",
      "RemoteRepos": "https://packagemanager.rstudio.com/all/latest",
      "RemotePkgPlatform": "i386+x86_64-w64-mingw32",
      "RemoteSha": "1.0.12",
      "Hash": "5ea2700d21e038ace58269ecdbeb9ec0"
    },
    "askpass": {
      "Package": "askpass",
      "Version": "1.2.0",
      "Source": "CRAN",
      "Repository": "RSPM",
      "RemoteType": "standard",
      "RemotePkgRef": "askpass",
      "RemoteRef": "askpass",
      "RemoteRepos": "https://packagemanager.rstudio.com/all/latest",
      "RemotePkgPlatform": "i386+x86_64-w64-mingw32",
      "RemoteSha": "1.2.0",
      "Hash": "cad6cf7f1d5f6e906700b9d3e718c796"
    },
    "base64enc": {
      "Package": "base64enc",
      "Version": "0.1-3",
      "Source": "CRAN",
      "Repository": "RSPM",
      "RemoteType": "standard",
      "RemotePkgRef": "base64enc",
      "RemoteRef": "base64enc",
      "RemoteRepos": "https://packagemanager.rstudio.com/all/latest",
      "RemotePkgPlatform": "i386+x86_64-w64-mingw32",
      "RemoteSha": "0.1-3",
      "Hash": "543776ae6848fde2f48ff3816d0628bc"
    },
    "bit": {
      "Package": "bit",
      "Version": "4.0.5",
      "Source": "CRAN",
      "Repository": "RSPM",
      "RemoteType": "standard",
      "RemotePkgRef": "bit",
      "RemoteRef": "bit",
      "RemoteRepos": "https://packagemanager.rstudio.com/all/latest",
      "RemotePkgPlatform": "i386+x86_64-w64-mingw32",
      "RemoteSha": "4.0.5",
      "Hash": "d242abec29412ce988848d0294b208fd"
    },
    "bit64": {
      "Package": "bit64",
      "Version": "4.0.5",
      "Source": "CRAN",
      "Repository": "RSPM",
      "RemoteType": "standard",
      "RemotePkgRef": "bit64",
      "RemoteRef": "bit64",
      "RemoteRepos": "https://packagemanager.rstudio.com/all/latest",
      "RemotePkgPlatform": "i386+x86_64-w64-mingw32",
      "RemoteSha": "4.0.5",
      "Hash": "9fe98599ca456d6552421db0d6772d8f"
    },
    "brio": {
      "Package": "brio",
      "Version": "1.1.5",
      "Source": "CRAN",
      "Repository": "RSPM",
      "RemoteType": "standard",
      "RemotePkgRef": "brio",
      "RemoteRef": "brio",
      "RemoteRepos": "https://packagemanager.rstudio.com/all/latest",
      "RemotePkgPlatform": "i386+x86_64-w64-mingw32",
      "RemoteSha": "1.1.5",
      "Hash": "c1ee497a6d999947c2c224ae46799b1a"
    },
    "bslib": {
      "Package": "bslib",
      "Version": "0.7.0",
      "Source": "CRAN",
      "Repository": "RSPM",
      "RemoteType": "standard",
      "RemotePkgRef": "bslib",
      "RemoteRef": "bslib",
      "RemoteRepos": "https://packagemanager.rstudio.com/all/latest",
      "RemotePkgPlatform": "i386+x86_64-w64-mingw32",
      "RemoteSha": "0.7.0",
      "Hash": "8644cc53f43828f19133548195d7e59e"
    },
    "cachem": {
      "Package": "cachem",
      "Version": "1.0.8",
      "Source": "CRAN",
      "Repository": "RSPM",
      "RemoteType": "standard",
      "RemotePkgRef": "cachem",
      "RemoteRef": "cachem",
      "RemoteRepos": "https://packagemanager.rstudio.com/all/latest",
      "RemotePkgPlatform": "i386+x86_64-w64-mingw32",
      "RemoteSha": "1.0.8",
      "Hash": "c35768291560ce302c0a6589f92e837d"
    },
    "callr": {
      "Package": "callr",
      "Version": "3.7.6",
      "Source": "CRAN",
      "Repository": "RSPM",
      "RemoteType": "standard",
      "RemotePkgRef": "callr",
      "RemoteRef": "callr",
      "RemoteRepos": "https://packagemanager.rstudio.com/all/latest",
      "RemotePkgPlatform": "i386+x86_64-w64-mingw32",
      "RemoteSha": "3.7.6",
      "Hash": "d7e13f49c19103ece9e58ad2d83a7354"
    },
    "cli": {
      "Package": "cli",
      "Version": "3.6.2",
      "Source": "CRAN",
      "Repository": "RSPM",
      "RemoteType": "standard",
      "RemotePkgRef": "cli",
      "RemoteRef": "cli",
      "RemoteRepos": "https://packagemanager.rstudio.com/all/latest",
      "RemotePkgPlatform": "i386+x86_64-w64-mingw32",
      "RemoteSha": "3.6.2",
      "Hash": "1216ac65ac55ec0058a6f75d7ca0fd52"
    },
    "clipr": {
      "Package": "clipr",
      "Version": "0.8.0",
      "Source": "CRAN",
      "Repository": "RSPM",
      "RemoteType": "standard",
      "RemotePkgRef": "clipr",
      "RemoteRef": "clipr",
      "RemoteRepos": "https://packagemanager.rstudio.com/all/latest",
      "RemotePkgPlatform": "i386+x86_64-w64-mingw32",
      "RemoteSha": "0.8.0",
      "Hash": "3f038e5ac7f41d4ac41ce658c85e3042"
    },
    "covr": {
      "Package": "covr",
      "Version": "3.6.4",
      "Source": "CRAN",
      "Repository": "RSPM",
      "RemoteType": "standard",
      "RemotePkgRef": "covr",
      "RemoteRef": "covr",
      "RemoteRepos": "https://packagemanager.rstudio.com/all/latest",
      "RemotePkgPlatform": "i386+x86_64-w64-mingw32",
      "RemoteSha": "3.6.4",
      "Hash": "0cbf0435830e767ba9b292b313592362"
    },
    "cpp11": {
      "Package": "cpp11",
      "Version": "0.4.7",
      "Source": "CRAN",
      "Repository": "CRAN",
      "RemoteType": "standard",
      "RemotePkgRef": "cpp11",
      "RemoteRef": "cpp11",
      "RemoteRepos": "https://cloud.r-project.org/",
      "RemotePkgPlatform": "i386+x86_64-w64-mingw32",
      "RemoteSha": "0.4.7",
      "Hash": "5a295d7d963cc5035284dcdbaf334f4e"
    },
    "crayon": {
      "Package": "crayon",
      "Version": "1.5.2",
      "Source": "CRAN",
      "Repository": "RSPM",
      "RemoteType": "standard",
      "RemotePkgRef": "crayon",
      "RemoteRef": "crayon",
      "RemoteRepos": "https://packagemanager.rstudio.com/all/latest",
      "RemotePkgPlatform": "i386+x86_64-w64-mingw32",
      "RemoteSha": "1.5.2",
      "Hash": "e8a1e41acf02548751f45c718d55aa6a"
    },
    "curl": {
      "Package": "curl",
      "Version": "5.2.1",
      "Source": "CRAN",
      "Repository": "RSPM",
      "RemoteType": "standard",
      "RemotePkgRef": "curl",
      "RemoteRef": "curl",
      "RemoteRepos": "https://packagemanager.rstudio.com/all/latest",
      "RemotePkgPlatform": "i386+x86_64-w64-mingw32",
      "RemoteSha": "5.2.1",
      "Hash": "411ca2c03b1ce5f548345d2fc2685f7a"
    },
    "desc": {
      "Package": "desc",
      "Version": "1.4.3",
      "Source": "CRAN",
      "Repository": "RSPM",
      "RemoteType": "standard",
      "RemotePkgRef": "desc",
      "RemoteRef": "desc",
      "RemoteRepos": "https://packagemanager.rstudio.com/all/latest",
      "RemotePkgPlatform": "i386+x86_64-w64-mingw32",
      "RemoteSha": "1.4.3",
      "Hash": "99b79fcbd6c4d1ce087f5c5c758b384f"
    },
    "diffobj": {
      "Package": "diffobj",
      "Version": "0.3.5",
      "Source": "CRAN",
      "Repository": "RSPM",
      "RemoteType": "standard",
      "RemotePkgRef": "diffobj",
      "RemoteRef": "diffobj",
      "RemoteRepos": "https://packagemanager.rstudio.com/all/latest",
      "RemotePkgPlatform": "i386+x86_64-w64-mingw32",
      "RemoteSha": "0.3.5",
      "Hash": "bcaa8b95f8d7d01a5dedfd959ce88ab8"
    },
    "digest": {
      "Package": "digest",
      "Version": "0.6.35",
      "Source": "CRAN",
      "Repository": "RSPM",
      "RemoteType": "standard",
      "RemotePkgRef": "digest",
      "RemoteRef": "digest",
      "RemoteRepos": "https://packagemanager.rstudio.com/all/latest",
      "RemotePkgPlatform": "i386+x86_64-w64-mingw32",
      "RemoteSha": "0.6.35",
      "Hash": "698ece7ba5a4fa4559e3d537e7ec3d31"
    },
    "dplyr": {
      "Package": "dplyr",
      "Version": "1.1.4",
      "Source": "CRAN",
      "Repository": "RSPM",
      "RemoteType": "standard",
      "RemotePkgRef": "dplyr",
      "RemoteRef": "dplyr",
      "RemoteRepos": "https://packagemanager.rstudio.com/all/latest",
      "RemotePkgPlatform": "i386+x86_64-w64-mingw32",
      "RemoteSha": "1.1.4",
      "Hash": "fedd9d00c2944ff00a0e2696ccf048ec"
    },
    "evaluate": {
      "Package": "evaluate",
      "Version": "0.23",
      "Source": "CRAN",
      "Repository": "RSPM",
      "RemoteType": "standard",
      "RemotePkgRef": "evaluate",
      "RemoteRef": "evaluate",
      "RemoteRepos": "https://packagemanager.rstudio.com/all/latest",
      "RemotePkgPlatform": "i386+x86_64-w64-mingw32",
      "RemoteSha": "0.23",
      "Hash": "daf4a1246be12c1fa8c7705a0935c1a0"
    },
    "fansi": {
      "Package": "fansi",
      "Version": "1.0.6",
      "Source": "CRAN",
      "Repository": "RSPM",
      "RemoteType": "standard",
      "RemotePkgRef": "fansi",
      "RemoteRef": "fansi",
      "RemoteRepos": "https://packagemanager.rstudio.com/all/latest",
      "RemotePkgPlatform": "i386+x86_64-w64-mingw32",
      "RemoteSha": "1.0.6",
      "Hash": "962174cf2aeb5b9eea581522286a911f"
    },
    "fastmap": {
      "Package": "fastmap",
      "Version": "1.1.1",
      "Source": "CRAN",
      "Repository": "RSPM",
      "RemoteType": "standard",
      "RemotePkgRef": "fastmap",
      "RemoteRef": "fastmap",
      "RemoteRepos": "https://packagemanager.rstudio.com/all/latest",
      "RemotePkgPlatform": "i386+x86_64-w64-mingw32",
      "RemoteSha": "1.1.1",
      "Hash": "f7736a18de97dea803bde0a2daaafb27"
    },
    "fontawesome": {
      "Package": "fontawesome",
      "Version": "0.5.2",
      "Source": "CRAN",
      "Repository": "RSPM",
      "RemoteType": "standard",
      "RemotePkgRef": "fontawesome",
      "RemoteRef": "fontawesome",
      "RemoteRepos": "https://packagemanager.rstudio.com/all/latest",
      "RemotePkgPlatform": "i386+x86_64-w64-mingw32",
      "RemoteSha": "0.5.2",
      "Hash": "c2efdd5f0bcd1ea861c2d4e2a883a67d"
    },
    "fs": {
      "Package": "fs",
      "Version": "1.6.4",
      "Source": "CRAN",
      "Repository": "RSPM",
      "RemoteType": "standard",
      "RemotePkgRef": "fs",
      "RemoteRef": "fs",
      "RemoteRepos": "https://packagemanager.rstudio.com/all/latest",
      "RemotePkgPlatform": "i386+x86_64-w64-mingw32",
      "RemoteSha": "1.6.4",
      "Hash": "15aeb8c27f5ea5161f9f6a641fafd93a"
    },
    "generics": {
      "Package": "generics",
      "Version": "0.1.3",
      "Source": "CRAN",
      "Repository": "RSPM",
      "RemoteType": "standard",
      "RemotePkgRef": "generics",
      "RemoteRef": "generics",
      "RemoteRepos": "https://packagemanager.rstudio.com/all/latest",
      "RemotePkgPlatform": "i386+x86_64-w64-mingw32",
      "RemoteSha": "0.1.3",
      "Hash": "15e9634c0fcd294799e9b2e929ed1b86"
    },
    "glue": {
      "Package": "glue",
      "Version": "1.7.0",
      "Source": "CRAN",
      "Repository": "RSPM",
      "RemoteType": "standard",
      "RemotePkgRef": "glue",
      "RemoteRef": "glue",
      "RemoteRepos": "https://packagemanager.rstudio.com/all/latest",
      "RemotePkgPlatform": "i386+x86_64-w64-mingw32",
      "RemoteSha": "1.7.0",
      "Hash": "e0b3a53876554bd45879e596cdb10a52"
    },
    "here": {
      "Package": "here",
      "Version": "1.0.1",
      "Source": "Repository",
      "Repository": "RSPM",
      "Hash": "24b224366f9c2e7534d2344d10d59211"
    },
    "highr": {
      "Package": "highr",
      "Version": "0.10",
      "Source": "CRAN",
      "Repository": "RSPM",
      "RemoteType": "standard",
      "RemotePkgRef": "highr",
      "RemoteRef": "highr",
      "RemoteRepos": "https://packagemanager.rstudio.com/all/latest",
      "RemotePkgPlatform": "i386+x86_64-w64-mingw32",
      "RemoteSha": "0.10",
      "Hash": "06230136b2d2b9ba5805e1963fa6e890"
    },
    "hms": {
      "Package": "hms",
      "Version": "1.1.3",
      "Source": "CRAN",
      "Repository": "RSPM",
      "RemoteType": "standard",
      "RemotePkgRef": "hms",
      "RemoteRef": "hms",
      "RemoteRepos": "https://packagemanager.rstudio.com/all/latest",
      "RemotePkgPlatform": "i386+x86_64-w64-mingw32",
      "RemoteSha": "1.1.3",
      "Hash": "b59377caa7ed00fa41808342002138f9"
    },
    "htmltools": {
      "Package": "htmltools",
      "Version": "0.5.8.1",
      "Source": "CRAN",
      "Repository": "RSPM",
      "RemoteType": "standard",
      "RemotePkgRef": "htmltools",
      "RemoteRef": "htmltools",
      "RemoteRepos": "https://packagemanager.rstudio.com/all/latest",
      "RemotePkgPlatform": "i386+x86_64-w64-mingw32",
      "RemoteSha": "0.5.8.1",
      "Hash": "81d371a9cc60640e74e4ab6ac46dcedc"
    },
    "httr": {
      "Package": "httr",
      "Version": "1.4.7",
      "Source": "CRAN",
      "Repository": "RSPM",
      "RemoteType": "standard",
      "RemotePkgRef": "httr",
      "RemoteRef": "httr",
      "RemoteRepos": "https://packagemanager.rstudio.com/all/latest",
      "RemotePkgPlatform": "i386+x86_64-w64-mingw32",
      "RemoteSha": "1.4.7",
      "Hash": "ac107251d9d9fd72f0ca8049988f1d7f"
    },
    "jquerylib": {
      "Package": "jquerylib",
      "Version": "0.1.4",
      "Source": "CRAN",
      "Repository": "RSPM",
      "RemoteType": "standard",
      "RemotePkgRef": "jquerylib",
      "RemoteRef": "jquerylib",
      "RemoteRepos": "https://packagemanager.rstudio.com/all/latest",
      "RemotePkgPlatform": "i386+x86_64-w64-mingw32",
      "RemoteSha": "0.1.4",
      "Hash": "5aab57a3bd297eee1c1d862735972182"
    },
    "jsonlite": {
      "Package": "jsonlite",
      "Version": "1.8.8",
      "Source": "CRAN",
      "Repository": "RSPM",
      "RemoteType": "standard",
      "RemotePkgRef": "jsonlite",
      "RemoteRef": "jsonlite",
      "RemoteRepos": "https://packagemanager.rstudio.com/all/latest",
      "RemotePkgPlatform": "i386+x86_64-w64-mingw32",
      "RemoteSha": "1.8.8",
      "Hash": "e1b9c55281c5adc4dd113652d9e26768"
    },
    "knitr": {
      "Package": "knitr",
      "Version": "1.46",
      "Source": "CRAN",
      "Repository": "RSPM",
      "RemoteType": "standard",
      "RemotePkgRef": "knitr",
      "RemoteRef": "knitr",
      "RemoteRepos": "https://packagemanager.rstudio.com/all/latest",
      "RemotePkgPlatform": "i386+x86_64-w64-mingw32",
      "RemoteSha": "1.46",
      "Hash": "6e008ab1d696a5283c79765fa7b56b47"
    },
    "later": {
      "Package": "later",
      "Version": "1.3.2",
      "Source": "CRAN",
      "Repository": "RSPM",
      "RemoteType": "standard",
      "RemotePkgRef": "later",
      "RemoteRef": "later",
      "RemoteRepos": "https://packagemanager.rstudio.com/all/latest",
      "RemotePkgPlatform": "i386+x86_64-w64-mingw32",
      "RemoteSha": "1.3.2",
      "Hash": "a3e051d405326b8b0012377434c62b37"
    },
    "lazyeval": {
      "Package": "lazyeval",
      "Version": "0.2.2",
      "Source": "CRAN",
      "Repository": "RSPM",
      "RemoteType": "standard",
      "RemotePkgRef": "lazyeval",
      "RemoteRef": "lazyeval",
      "RemoteRepos": "https://packagemanager.rstudio.com/all/latest",
      "RemotePkgPlatform": "i386+x86_64-w64-mingw32",
      "RemoteSha": "0.2.2",
      "Hash": "d908914ae53b04d4c0c0fd72ecc35370"
    },
    "lifecycle": {
      "Package": "lifecycle",
      "Version": "1.0.4",
      "Source": "CRAN",
      "Repository": "RSPM",
      "RemoteType": "standard",
      "RemotePkgRef": "lifecycle",
      "RemoteRef": "lifecycle",
      "RemoteRepos": "https://packagemanager.rstudio.com/all/latest",
      "RemotePkgPlatform": "i386+x86_64-w64-mingw32",
      "RemoteSha": "1.0.4",
      "Hash": "b8552d117e1b808b09a832f589b79035"
    },
    "magrittr": {
      "Package": "magrittr",
      "Version": "2.0.3",
      "Source": "CRAN",
      "Repository": "RSPM",
      "RemoteType": "standard",
      "RemotePkgRef": "magrittr",
      "RemoteRef": "magrittr",
      "RemoteRepos": "https://packagemanager.rstudio.com/all/latest",
      "RemotePkgPlatform": "i386+x86_64-w64-mingw32",
      "RemoteSha": "2.0.3",
      "Hash": "7ce2733a9826b3aeb1775d56fd305472"
    },
    "memoise": {
      "Package": "memoise",
      "Version": "2.0.1",
      "Source": "CRAN",
      "Repository": "RSPM",
      "RemoteType": "standard",
      "RemotePkgRef": "memoise",
      "RemoteRef": "memoise",
      "RemoteRepos": "https://packagemanager.rstudio.com/all/latest",
      "RemotePkgPlatform": "i386+x86_64-w64-mingw32",
      "RemoteSha": "2.0.1",
      "Hash": "e2817ccf4a065c5d9d7f2cfbe7c1d78c"
    },
    "mime": {
      "Package": "mime",
      "Version": "0.12",
      "Source": "CRAN",
      "Repository": "RSPM",
      "RemoteType": "standard",
      "RemotePkgRef": "mime",
      "RemoteRef": "mime",
      "RemoteRepos": "https://packagemanager.rstudio.com/all/latest",
      "RemotePkgPlatform": "i386+x86_64-w64-mingw32",
      "RemoteSha": "0.12",
      "Hash": "18e9c28c1d3ca1560ce30658b22ce104"
    },
    "openssl": {
      "Package": "openssl",
      "Version": "2.1.2",
      "Source": "CRAN",
      "Repository": "RSPM",
      "RemoteType": "standard",
      "RemotePkgRef": "openssl",
      "RemoteRef": "openssl",
      "RemoteRepos": "https://packagemanager.rstudio.com/all/latest",
      "RemotePkgPlatform": "i386+x86_64-w64-mingw32",
      "RemoteSha": "2.1.2",
      "Hash": "ea2475b073243d9d338aa8f086ce973e"
    },
    "pillar": {
      "Package": "pillar",
      "Version": "1.9.0",
      "Source": "CRAN",
      "Repository": "RSPM",
      "RemoteType": "standard",
      "RemotePkgRef": "pillar",
      "RemoteRef": "pillar",
      "RemoteRepos": "https://packagemanager.rstudio.com/all/latest",
      "RemotePkgPlatform": "i386+x86_64-w64-mingw32",
      "RemoteSha": "1.9.0",
      "Hash": "15da5a8412f317beeee6175fbc76f4bb"
    },
    "pkgbuild": {
      "Package": "pkgbuild",
      "Version": "1.4.4",
      "Source": "CRAN",
      "Repository": "RSPM",
      "RemoteType": "standard",
      "RemotePkgRef": "pkgbuild",
      "RemoteRef": "pkgbuild",
      "RemoteRepos": "https://packagemanager.rstudio.com/all/latest",
      "RemotePkgPlatform": "i386+x86_64-w64-mingw32",
      "RemoteSha": "1.4.4",
      "Hash": "a29e8e134a460a01e0ca67a4763c595b"
    },
    "pkgconfig": {
      "Package": "pkgconfig",
      "Version": "2.0.3",
      "Source": "CRAN",
      "Repository": "RSPM",
      "RemoteType": "standard",
      "RemotePkgRef": "pkgconfig",
      "RemoteRef": "pkgconfig",
      "RemoteRepos": "https://packagemanager.rstudio.com/all/latest",
      "RemotePkgPlatform": "i386+x86_64-w64-mingw32",
      "RemoteSha": "2.0.3",
      "Hash": "01f28d4278f15c76cddbea05899c5d6f"
    },
    "pkgload": {
      "Package": "pkgload",
      "Version": "1.3.4",
      "Source": "CRAN",
      "Repository": "RSPM",
      "RemoteType": "standard",
      "RemotePkgRef": "pkgload",
      "RemoteRef": "pkgload",
      "RemoteRepos": "https://packagemanager.rstudio.com/all/latest",
      "RemotePkgPlatform": "i386+x86_64-w64-mingw32",
      "RemoteSha": "1.3.4",
      "Hash": "876c618df5ae610be84356d5d7a5d124"
    },
    "praise": {
      "Package": "praise",
      "Version": "1.0.0",
      "Source": "CRAN",
      "Repository": "RSPM",
      "RemoteType": "standard",
      "RemotePkgRef": "praise",
      "RemoteRef": "praise",
      "RemoteRepos": "https://packagemanager.rstudio.com/all/latest",
      "RemotePkgPlatform": "i386+x86_64-w64-mingw32",
      "RemoteSha": "1.0.0",
      "Hash": "a555924add98c99d2f411e37e7d25e9f"
    },
    "prettyunits": {
      "Package": "prettyunits",
      "Version": "1.2.0",
      "Source": "CRAN",
      "Repository": "CRAN",
      "RemoteType": "standard",
      "RemotePkgRef": "prettyunits",
      "RemoteRef": "prettyunits",
      "RemoteRepos": "https://cloud.r-project.org/",
      "RemotePkgPlatform": "i386+x86_64-w64-mingw32",
      "RemoteSha": "1.2.0",
      "Hash": "6b01fc98b1e86c4f705ce9dcfd2f57c7"
    },
    "processx": {
      "Package": "processx",
      "Version": "3.8.4",
      "Source": "CRAN",
      "Repository": "RSPM",
      "RemoteType": "standard",
      "RemotePkgRef": "processx",
      "RemoteRef": "processx",
      "RemoteRepos": "https://packagemanager.rstudio.com/all/latest",
      "RemotePkgPlatform": "i386+x86_64-w64-mingw32",
      "RemoteSha": "3.8.4",
      "Hash": "0c90a7d71988856bad2a2a45dd871bb9"
    },
    "progress": {
      "Package": "progress",
      "Version": "1.2.3",
      "Source": "CRAN",
      "Repository": "CRAN",
      "RemoteType": "standard",
      "RemotePkgRef": "progress",
      "RemoteRef": "progress",
      "RemoteRepos": "https://cloud.r-project.org/",
      "RemotePkgPlatform": "i386+x86_64-w64-mingw32",
      "RemoteSha": "1.2.3",
      "Hash": "f4625e061cb2865f111b47ff163a5ca6"
    },
    "ps": {
      "Package": "ps",
      "Version": "1.7.6",
      "Source": "CRAN",
      "Repository": "RSPM",
      "RemoteType": "standard",
      "RemotePkgRef": "ps",
      "RemoteRef": "ps",
      "RemoteRepos": "https://packagemanager.rstudio.com/all/latest",
      "RemotePkgPlatform": "i386+x86_64-w64-mingw32",
      "RemoteSha": "1.7.6",
      "Hash": "dd2b9319ee0656c8acf45c7f40c59de7"
    },
    "purrr": {
      "Package": "purrr",
      "Version": "1.0.2",
      "Source": "CRAN",
      "Repository": "RSPM",
      "RemoteType": "standard",
      "RemotePkgRef": "purrr",
      "RemoteRef": "purrr",
      "RemoteRepos": "https://packagemanager.rstudio.com/all/latest",
      "RemotePkgPlatform": "i386+x86_64-w64-mingw32",
      "RemoteSha": "1.0.2",
      "Hash": "1cba04a4e9414bdefc9dcaa99649a8dc"
    },
    "quarto": {
      "Package": "quarto",
      "Version": "1.4",
      "Source": "Repository",
      "Repository": "RSPM",
      "Hash": "c94c271f9b998d116186a78b2a9b23c1"
    },
    "rappdirs": {
      "Package": "rappdirs",
      "Version": "0.3.3",
      "Source": "CRAN",
      "Repository": "RSPM",
      "RemoteType": "standard",
      "RemotePkgRef": "rappdirs",
      "RemoteRef": "rappdirs",
      "RemoteRepos": "https://packagemanager.rstudio.com/all/latest",
      "RemotePkgPlatform": "i386+x86_64-w64-mingw32",
      "RemoteSha": "0.3.3",
      "Hash": "5e3c5dc0b071b21fa128676560dbe94d"
    },
    "readr": {
      "Package": "readr",
      "Version": "2.1.5",
      "Source": "CRAN",
      "Repository": "RSPM",
      "RemoteType": "standard",
      "RemotePkgRef": "readr",
      "RemoteRef": "readr",
      "RemoteRepos": "https://packagemanager.rstudio.com/all/latest",
      "RemotePkgPlatform": "i386+x86_64-w64-mingw32",
      "RemoteSha": "2.1.5",
      "Hash": "9de96463d2117f6ac49980577939dfb3"
    },
    "rematch2": {
      "Package": "rematch2",
      "Version": "2.1.2",
      "Source": "CRAN",
      "Repository": "RSPM",
      "RemoteType": "standard",
      "RemotePkgRef": "rematch2",
      "RemoteRef": "rematch2",
      "RemoteRepos": "https://packagemanager.rstudio.com/all/latest",
      "RemotePkgPlatform": "i386+x86_64-w64-mingw32",
      "RemoteSha": "2.1.2",
      "Hash": "76c9e04c712a05848ae7a23d2f170a40"
    },
    "renv": {
      "Package": "renv",
      "Version": "0.14.0",
      "Source": "Repository",
      "Repository": "RSPM",
      "Hash": "30e5eba91b67f7f4d75d31de14bbfbdc"
    },
    "rex": {
      "Package": "rex",
      "Version": "1.2.1",
      "Source": "CRAN",
      "Repository": "RSPM",
      "RemoteType": "standard",
      "RemotePkgRef": "rex",
      "RemoteRef": "rex",
      "RemoteRepos": "https://packagemanager.rstudio.com/all/latest",
      "RemotePkgPlatform": "i386+x86_64-w64-mingw32",
      "RemoteSha": "1.2.1",
      "Hash": "ae34cd56890607370665bee5bd17812f"
    },
    "rlang": {
      "Package": "rlang",
      "Version": "1.1.3",
      "Source": "CRAN",
      "Repository": "RSPM",
      "RemoteType": "standard",
      "RemotePkgRef": "rlang",
      "RemoteRef": "rlang",
      "RemoteRepos": "https://packagemanager.rstudio.com/all/latest",
      "RemotePkgPlatform": "i386+x86_64-w64-mingw32",
      "RemoteSha": "1.1.3",
      "Hash": "42548638fae05fd9a9b5f3f437fbbbe2"
    },
    "rmarkdown": {
      "Package": "rmarkdown",
      "Version": "2.26",
      "Source": "Repository",
      "Repository": "RSPM",
      "Hash": "9b148e7f95d33aac01f31282d49e4f44"
    },
    "rprojroot": {
      "Package": "rprojroot",
      "Version": "2.0.4",
      "Source": "CRAN",
      "Repository": "RSPM",
      "RemoteType": "standard",
      "RemotePkgRef": "rprojroot",
      "RemoteRef": "rprojroot",
      "RemoteRepos": "https://packagemanager.rstudio.com/all/latest",
      "RemotePkgPlatform": "i386+x86_64-w64-mingw32",
      "RemoteSha": "2.0.4",
      "Hash": "4c8415e0ec1e29f3f4f6fc108bef0144"
    },
    "rstudioapi": {
      "Package": "rstudioapi",
      "Version": "0.16.0",
      "Source": "CRAN",
      "Repository": "RSPM",
      "RemoteType": "standard",
      "RemotePkgRef": "rstudioapi",
      "RemoteRef": "rstudioapi",
      "RemoteRepos": "https://packagemanager.rstudio.com/all/latest",
      "RemotePkgPlatform": "i386+x86_64-w64-mingw32",
      "RemoteSha": "0.16.0",
      "Hash": "96710351d642b70e8f02ddeb237c46a7"
    },
    "sass": {
      "Package": "sass",
      "Version": "0.4.9",
      "Source": "CRAN",
      "Repository": "RSPM",
      "RemoteType": "standard",
      "RemotePkgRef": "sass",
      "RemoteRef": "sass",
      "RemoteRepos": "https://packagemanager.rstudio.com/all/latest",
      "RemotePkgPlatform": "i386+x86_64-w64-mingw32",
      "RemoteSha": "0.4.9",
      "Hash": "d53dbfddf695303ea4ad66f86e99b95d"
    },
    "stringi": {
      "Package": "stringi",
      "Version": "1.8.3",
      "Source": "CRAN",
      "Repository": "RSPM",
      "RemoteType": "standard",
      "RemotePkgRef": "stringi",
      "RemoteRef": "stringi",
      "RemoteRepos": "https://packagemanager.rstudio.com/all/latest",
      "RemotePkgPlatform": "i386+x86_64-w64-mingw32",
      "RemoteSha": "1.8.3",
      "Hash": "058aebddea264f4c99401515182e656a"
    },
    "stringr": {
      "Package": "stringr",
      "Version": "1.5.1",
      "Source": "CRAN",
      "Repository": "RSPM",
      "RemoteType": "standard",
      "RemotePkgRef": "stringr",
      "RemoteRef": "stringr",
      "RemoteRepos": "https://packagemanager.rstudio.com/all/latest",
      "RemotePkgPlatform": "i386+x86_64-w64-mingw32",
      "RemoteSha": "1.5.1",
      "Hash": "960e2ae9e09656611e0b8214ad543207"
    },
    "sys": {
      "Package": "sys",
      "Version": "3.4.2",
      "Source": "CRAN",
      "Repository": "RSPM",
      "RemoteType": "standard",
      "RemotePkgRef": "sys",
      "RemoteRef": "sys",
      "RemoteRepos": "https://packagemanager.rstudio.com/all/latest",
      "RemotePkgPlatform": "i386+x86_64-w64-mingw32",
      "RemoteSha": "3.4.2",
      "Hash": "3a1be13d68d47a8cd0bfd74739ca1555"
    },
    "testthat": {
      "Package": "testthat",
      "Version": "3.2.1.1",
      "Source": "CRAN",
      "Repository": "RSPM",
      "RemoteType": "standard",
      "RemotePkgRef": "testthat",
      "RemoteRef": "testthat",
      "RemoteRepos": "https://packagemanager.rstudio.com/all/latest",
      "RemotePkgPlatform": "i386+x86_64-w64-mingw32",
      "RemoteSha": "3.2.1.1",
      "Hash": "3f6e7e5e2220856ff865e4834766bf2b"
    },
    "tibble": {
      "Package": "tibble",
      "Version": "3.2.1",
      "Source": "CRAN",
      "Repository": "RSPM",
      "RemoteType": "standard",
      "RemotePkgRef": "tibble",
      "RemoteRef": "tibble",
      "RemoteRepos": "https://packagemanager.rstudio.com/all/latest",
      "RemotePkgPlatform": "i386+x86_64-w64-mingw32",
      "RemoteSha": "3.2.1",
      "Hash": "a84e2cc86d07289b3b6f5069df7a004c"
    },
    "tidyselect": {
      "Package": "tidyselect",
      "Version": "1.2.1",
      "Source": "CRAN",
      "Repository": "RSPM",
      "RemoteType": "standard",
      "RemotePkgRef": "tidyselect",
      "RemoteRef": "tidyselect",
      "RemoteRepos": "https://packagemanager.rstudio.com/all/latest",
      "RemotePkgPlatform": "i386+x86_64-w64-mingw32",
      "RemoteSha": "1.2.1",
      "Hash": "829f27b9c4919c16b593794a6344d6c0"
    },
    "tinytex": {
      "Package": "tinytex",
      "Version": "0.50",
      "Source": "CRAN",
      "Repository": "RSPM",
      "RemoteType": "standard",
      "RemotePkgRef": "tinytex",
      "RemoteRef": "tinytex",
      "RemoteRepos": "https://packagemanager.rstudio.com/all/latest",
      "RemotePkgPlatform": "i386+x86_64-w64-mingw32",
      "RemoteSha": "0.50",
      "Hash": "be7a76845222ad20adb761f462eed3ea"
    },
    "tzdb": {
      "Package": "tzdb",
      "Version": "0.4.0",
      "Source": "CRAN",
      "Repository": "RSPM",
      "RemoteType": "standard",
      "RemotePkgRef": "tzdb",
      "RemoteRef": "tzdb",
      "RemoteRepos": "https://packagemanager.rstudio.com/all/latest",
      "RemotePkgPlatform": "i386+x86_64-w64-mingw32",
      "RemoteSha": "0.4.0",
      "Hash": "f561504ec2897f4d46f0c7657e488ae1"
    },
    "utf8": {
      "Package": "utf8",
      "Version": "1.2.4",
      "Source": "CRAN",
      "Repository": "RSPM",
      "RemoteType": "standard",
      "RemotePkgRef": "utf8",
      "RemoteRef": "utf8",
      "RemoteRepos": "https://packagemanager.rstudio.com/all/latest",
      "RemotePkgPlatform": "i386+x86_64-w64-mingw32",
      "RemoteSha": "1.2.4",
      "Hash": "62b65c52671e6665f803ff02954446e9"
    },
    "vctrs": {
      "Package": "vctrs",
      "Version": "0.6.5",
      "Source": "CRAN",
      "Repository": "RSPM",
      "RemoteType": "standard",
      "RemotePkgRef": "vctrs",
      "RemoteRef": "vctrs",
      "RemoteRepos": "https://packagemanager.rstudio.com/all/latest",
      "RemotePkgPlatform": "i386+x86_64-w64-mingw32",
      "RemoteSha": "0.6.5",
      "Hash": "c03fa420630029418f7e6da3667aac4a"
    },
    "vroom": {
      "Package": "vroom",
      "Version": "1.6.5",
      "Source": "CRAN",
      "Repository": "RSPM",
      "RemoteType": "standard",
      "RemotePkgRef": "vroom",
      "RemoteRef": "vroom",
      "RemoteRepos": "https://packagemanager.rstudio.com/all/latest",
      "RemotePkgPlatform": "i386+x86_64-w64-mingw32",
      "RemoteSha": "1.6.5",
      "Hash": "390f9315bc0025be03012054103d227c"
    },
    "waldo": {
      "Package": "waldo",
      "Version": "0.5.2",
      "Source": "CRAN",
      "Repository": "RSPM",
      "RemoteType": "standard",
      "RemotePkgRef": "waldo",
      "RemoteRef": "waldo",
      "RemoteRepos": "https://packagemanager.rstudio.com/all/latest",
      "RemotePkgPlatform": "i386+x86_64-w64-mingw32",
      "RemoteSha": "0.5.2",
      "Hash": "c7d3fd6d29ab077cbac8f0e2751449e6"
    },
    "withr": {
      "Package": "withr",
      "Version": "3.0.0",
      "Source": "CRAN",
      "Repository": "RSPM",
      "RemoteType": "standard",
      "RemotePkgRef": "withr",
      "RemoteRef": "withr",
      "RemoteRepos": "https://packagemanager.rstudio.com/all/latest",
      "RemotePkgPlatform": "i386+x86_64-w64-mingw32",
      "RemoteSha": "3.0.0",
      "Hash": "d31b6c62c10dcf11ec530ca6b0dd5d35"
    },
    "xfun": {
      "Package": "xfun",
      "Version": "0.43",
      "Source": "CRAN",
      "Repository": "RSPM",
      "RemoteType": "standard",
      "RemotePkgRef": "xfun",
      "RemoteRef": "xfun",
      "RemoteRepos": "https://packagemanager.rstudio.com/all/latest",
      "RemotePkgPlatform": "i386+x86_64-w64-mingw32",
      "RemoteSha": "0.43",
      "Hash": "ab6371d8653ce5f2f9290f4ec7b42a8e"
    },
    "xml2": {
      "Package": "xml2",
      "Version": "1.3.6",
      "Source": "CRAN",
      "Repository": "RSPM",
      "RemoteType": "standard",
      "RemotePkgRef": "xml2",
      "RemoteRef": "xml2",
      "RemoteRepos": "https://packagemanager.rstudio.com/all/latest",
      "RemotePkgPlatform": "i386+x86_64-w64-mingw32",
      "RemoteSha": "1.3.6",
      "Hash": "1d0336142f4cd25d8d23cd3ba7a8fb61"
    },
    "yaml": {
      "Package": "yaml",
      "Version": "2.3.8",
      "Source": "CRAN",
      "Repository": "RSPM",
      "RemoteType": "standard",
      "RemotePkgRef": "yaml",
      "RemoteRef": "yaml",
      "RemoteRepos": "https://packagemanager.rstudio.com/all/latest",
      "RemotePkgPlatform": "i386+x86_64-w64-mingw32",
      "RemoteSha": "2.3.8",
      "Hash": "29240487a071f535f5e5d5a323b7afbd"
    }
  }
}
